
Microsoft Visual Studio Solution File, Format Version 12.00
# Visual Studio Version 17
VisualStudioVersion = 17.3.32929.385
MinimumVisualStudioVersion = 10.0.40219.1
Project("{9A19103F-16F7-4668-BE54-9A1E7A4F7556}") = "Producer", "Authorization\Producer.csproj", "{F5A35031-CF81-46BC-9922-F3D98AF1C211}"
EndProject
Project("{9A19103F-16F7-4668-BE54-9A1E7A4F7556}") = "Consumer", "AuthorizationConsumer\Consumer.csproj", "{5B12EDF1-9C65-4CB9-A863-966B7F7F535F}"
EndProject
Global
	GlobalSection(SolutionConfigurationPlatforms) = preSolution
		Debug|Any CPU = Debug|Any CPU
		Release|Any CPU = Release|Any CPU
	EndGlobalSection
	GlobalSection(ProjectConfigurationPlatforms) = postSolution
		{F5A35031-CF81-46BC-9922-F3D98AF1C211}.Debug|Any CPU.ActiveCfg = Debug|Any CPU
		{F5A35031-CF81-46BC-9922-F3D98AF1C211}.Debug|Any CPU.Build.0 = Debug|Any CPU
		{F5A35031-CF81-46BC-9922-F3D98AF1C211}.Release|Any CPU.ActiveCfg = Release|Any CPU
		{F5A35031-CF81-46BC-9922-F3D98AF1C211}.Release|Any CPU.Build.0 = Release|Any CPU
		{5B12EDF1-9C65-4CB9-A863-966B7F7F535F}.Debug|Any CPU.ActiveCfg = Debug|Any CPU
		{5B12EDF1-9C65-4CB9-A863-966B7F7F535F}.Debug|Any CPU.Build.0 = Debug|Any CPU
		{5B12EDF1-9C65-4CB9-A863-966B7F7F535F}.Release|Any CPU.ActiveCfg = Release|Any CPU
		{5B12EDF1-9C65-4CB9-A863-966B7F7F535F}.Release|Any CPU.Build.0 = Release|Any CPU
	EndGlobalSection
	GlobalSection(SolutionProperties) = preSolution
		HideSolutionNode = FALSE
	EndGlobalSection
	GlobalSection(ExtensibilityGlobals) = postSolution
		SolutionGuid = {8DE12349-3303-46B5-82FD-814C48ABD5C8}
	EndGlobalSection
EndGlobal
